
Microsoft Visual Studio Solution File, Format Version 12.00
# Visual Studio Version 16
VisualStudioVersion = 16.0.30907.101
MinimumVisualStudioVersion = 10.0.40219.1
Project("{9A19103F-16F7-4668-BE54-9A1E7A4F7556}") = "PWA_Blog_Application", "PWA_Blog_Application.csproj", "{5D8A4351-09BE-4158-819F-47616C6B7BA0}"
EndProject
Global
	GlobalSection(SolutionConfigurationPlatforms) = preSolution
		Debug|Any CPU = Debug|Any CPU
		Release|Any CPU = Release|Any CPU
	EndGlobalSection
	GlobalSection(ProjectConfigurationPlatforms) = postSolution
		{5D8A4351-09BE-4158-819F-47616C6B7BA0}.Debug|Any CPU.ActiveCfg = Debug|Any CPU
		{5D8A4351-09BE-4158-819F-47616C6B7BA0}.Debug|Any CPU.Build.0 = Debug|Any CPU
		{5D8A4351-09BE-4158-819F-47616C6B7BA0}.Release|Any CPU.ActiveCfg = Release|Any CPU
		{5D8A4351-09BE-4158-819F-47616C6B7BA0}.Release|Any CPU.Build.0 = Release|Any CPU
	EndGlobalSection
	GlobalSection(SolutionProperties) = preSolution
		HideSolutionNode = FALSE
	EndGlobalSection
	GlobalSection(ExtensibilityGlobals) = postSolution
		SolutionGuid = {9BDA7F5F-16CB-4535-8568-CA70244D21FF}
	EndGlobalSection
EndGlobal
